
Microsoft Visual Studio Solution File, Format Version 10.00
# Visual Studio 2008
Project("{8BC9CEB8-8B4A-11D0-8D11-00A0C91BC942}") = "Vampires", "Vampires\Vampires.vcproj", "{7D8D7E62-0A53-40C1-8A25-A82E1D7324B5}"
EndProject
Global
	GlobalSection(SolutionConfigurationPlatforms) = preSolution
		Debug|Win32 = Debug|Win32
		Release|Win32 = Release|Win32
	EndGlobalSection
	GlobalSection(ProjectConfigurationPlatforms) = postSolution
		{7D8D7E62-0A53-40C1-8A25-A82E1D7324B5}.Debug|Win32.ActiveCfg = Debug|Win32
		{7D8D7E62-0A53-40C1-8A25-A82E1D7324B5}.Debug|Win32.Build.0 = Debug|Win32
		{7D8D7E62-0A53-40C1-8A25-A82E1D7324B5}.Release|Win32.ActiveCfg = Release|Win32
		{7D8D7E62-0A53-40C1-8A25-A82E1D7324B5}.Release|Win32.Build.0 = Release|Win32
	EndGlobalSection
	GlobalSection(SolutionProperties) = preSolution
		HideSolutionNode = FALSE
	EndGlobalSection
EndGlobal
